
Microsoft Visual Studio Solution File, Format Version 12.00
# Visual Studio Version 18
VisualStudioVersion = 18.0.11109.219
MinimumVisualStudioVersion = 10.0.40219.1
Project("{FAE04EC0-301F-11D3-BF4B-00C04F79EFBC}") = "HackPDM", "Src\HackPDM\HackPDM.csproj", "{769D6ED9-4450-0197-4256-CBCF00BC66BF}"
EndProject
Project("{FAE04EC0-301F-11D3-BF4B-00C04F79EFBC}") = "HackPDM.Core", "Src\HackPDM.Core\HackPDM.Core.csproj", "{F8FFD943-379F-40DF-BB11-5B732619E6FB}"
EndProject
Project("{FAE04EC0-301F-11D3-BF4B-00C04F79EFBC}") = "HackPDM.Domain", "Src\HackPDM.Domain\HackPDM.Domain.csproj", "{01652554-3413-427A-8BA6-6ADCEC873DCA}"
EndProject
Project("{FAE04EC0-301F-11D3-BF4B-00C04F79EFBC}") = "HackPDM.Infrastructure", "Src\HackPDM.Infrastructure\HackPDM.Infrastructure.csproj", "{F5B34DDC-774C-472E-9335-E964C6C4C1D4}"
EndProject
Project("{FAE04EC0-301F-11D3-BF4B-00C04F79EFBC}") = "HackPDM.Abstractions", "Src\HackPDM.Abstractions\HackPDM.Abstractions.csproj", "{BEB83588-A125-479E-8FEB-BDC9E68C4C51}"
EndProject
Project("{FAE04EC0-301F-11D3-BF4B-00C04F79EFBC}") = "HackPDM.SchemaGenerator", "Src\HackPDM.SchemaGenerator\HackPDM.SchemaGenerator.csproj", "{81357FF9-5E97-4A7D-B460-608D4307AE44}"
EndProject
Project("{FAE04EC0-301F-11D3-BF4B-00C04F79EFBC}") = "HackPDM.Tests", "Src\HackPDM.Tests\HackPDM.Tests.csproj", "{4E94445B-9761-4266-AD4D-67248F3C82C2}"
EndProject
Project("{FAE04EC0-301F-11D3-BF4B-00C04F79EFBC}") = "HackPDM.Shared", "Src\HackPDM.Shared\HackPDM.Shared.csproj", "{C1D41616-EE60-4BBE-8D02-2C3551A7C0FA}"
EndProject
Global
	GlobalSection(SolutionConfigurationPlatforms) = preSolution
		Debug|ARM64 = Debug|ARM64
		Debug|x64 = Debug|x64
		Debug|x86 = Debug|x86
		Release|ARM64 = Release|ARM64
		Release|x64 = Release|x64
		Release|x86 = Release|x86
	EndGlobalSection
	GlobalSection(ProjectConfigurationPlatforms) = postSolution
		{769D6ED9-4450-0197-4256-CBCF00BC66BF}.Debug|ARM64.ActiveCfg = Debug|ARM64
		{769D6ED9-4450-0197-4256-CBCF00BC66BF}.Debug|ARM64.Build.0 = Debug|ARM64
		{769D6ED9-4450-0197-4256-CBCF00BC66BF}.Debug|ARM64.Deploy.0 = Debug|ARM64
		{769D6ED9-4450-0197-4256-CBCF00BC66BF}.Debug|x64.ActiveCfg = Debug|x64
		{769D6ED9-4450-0197-4256-CBCF00BC66BF}.Debug|x64.Build.0 = Debug|x64
		{769D6ED9-4450-0197-4256-CBCF00BC66BF}.Debug|x64.Deploy.0 = Debug|x64
		{769D6ED9-4450-0197-4256-CBCF00BC66BF}.Debug|x86.ActiveCfg = Debug|x86
		{769D6ED9-4450-0197-4256-CBCF00BC66BF}.Debug|x86.Build.0 = Debug|x86
		{769D6ED9-4450-0197-4256-CBCF00BC66BF}.Debug|x86.Deploy.0 = Debug|x86
		{769D6ED9-4450-0197-4256-CBCF00BC66BF}.Release|ARM64.ActiveCfg = Release|ARM64
		{769D6ED9-4450-0197-4256-CBCF00BC66BF}.Release|ARM64.Build.0 = Release|ARM64
		{769D6ED9-4450-0197-4256-CBCF00BC66BF}.Release|ARM64.Deploy.0 = Release|ARM64
		{769D6ED9-4450-0197-4256-CBCF00BC66BF}.Release|x64.ActiveCfg = Release|x64
		{769D6ED9-4450-0197-4256-CBCF00BC66BF}.Release|x64.Build.0 = Release|x64
		{769D6ED9-4450-0197-4256-CBCF00BC66BF}.Release|x64.Deploy.0 = Release|x64
		{769D6ED9-4450-0197-4256-CBCF00BC66BF}.Release|x86.ActiveCfg = Release|x86
		{769D6ED9-4450-0197-4256-CBCF00BC66BF}.Release|x86.Build.0 = Release|x86
		{769D6ED9-4450-0197-4256-CBCF00BC66BF}.Release|x86.Deploy.0 = Release|x86
		{F8FFD943-379F-40DF-BB11-5B732619E6FB}.Debug|ARM64.ActiveCfg = Debug|Any CPU
		{F8FFD943-379F-40DF-BB11-5B732619E6FB}.Debug|ARM64.Build.0 = Debug|Any CPU
		{F8FFD943-379F-40DF-BB11-5B732619E6FB}.Debug|x64.ActiveCfg = Debug|Any CPU
		{F8FFD943-379F-40DF-BB11-5B732619E6FB}.Debug|x64.Build.0 = Debug|Any CPU
		{F8FFD943-379F-40DF-BB11-5B732619E6FB}.Debug|x86.ActiveCfg = Debug|Any CPU
		{F8FFD943-379F-40DF-BB11-5B732619E6FB}.Debug|x86.Build.0 = Debug|Any CPU
		{F8FFD943-379F-40DF-BB11-5B732619E6FB}.Release|ARM64.ActiveCfg = Release|Any CPU
		{F8FFD943-379F-40DF-BB11-5B732619E6FB}.Release|ARM64.Build.0 = Release|Any CPU
		{F8FFD943-379F-40DF-BB11-5B732619E6FB}.Release|x64.ActiveCfg = Release|Any CPU
		{F8FFD943-379F-40DF-BB11-5B732619E6FB}.Release|x64.Build.0 = Release|Any CPU
		{F8FFD943-379F-40DF-BB11-5B732619E6FB}.Release|x86.ActiveCfg = Release|Any CPU
		{F8FFD943-379F-40DF-BB11-5B732619E6FB}.Release|x86.Build.0 = Release|Any CPU
		{01652554-3413-427A-8BA6-6ADCEC873DCA}.Debug|ARM64.ActiveCfg = Debug|Any CPU
		{01652554-3413-427A-8BA6-6ADCEC873DCA}.Debug|ARM64.Build.0 = Debug|Any CPU
		{01652554-3413-427A-8BA6-6ADCEC873DCA}.Debug|x64.ActiveCfg = Debug|Any CPU
		{01652554-3413-427A-8BA6-6ADCEC873DCA}.Debug|x64.Build.0 = Debug|Any CPU
		{01652554-3413-427A-8BA6-6ADCEC873DCA}.Debug|x86.ActiveCfg = Debug|Any CPU
		{01652554-3413-427A-8BA6-6ADCEC873DCA}.Debug|x86.Build.0 = Debug|Any CPU
		{01652554-3413-427A-8BA6-6ADCEC873DCA}.Release|ARM64.ActiveCfg = Release|Any CPU
		{01652554-3413-427A-8BA6-6ADCEC873DCA}.Release|ARM64.Build.0 = Release|Any CPU
		{01652554-3413-427A-8BA6-6ADCEC873DCA}.Release|x64.ActiveCfg = Release|Any CPU
		{01652554-3413-427A-8BA6-6ADCEC873DCA}.Release|x64.Build.0 = Release|Any CPU
		{01652554-3413-427A-8BA6-6ADCEC873DCA}.Release|x86.ActiveCfg = Release|Any CPU
		{01652554-3413-427A-8BA6-6ADCEC873DCA}.Release|x86.Build.0 = Release|Any CPU
		{F5B34DDC-774C-472E-9335-E964C6C4C1D4}.Debug|ARM64.ActiveCfg = Debug|Any CPU
		{F5B34DDC-774C-472E-9335-E964C6C4C1D4}.Debug|ARM64.Build.0 = Debug|Any CPU
		{F5B34DDC-774C-472E-9335-E964C6C4C1D4}.Debug|x64.ActiveCfg = Debug|Any CPU
		{F5B34DDC-774C-472E-9335-E964C6C4C1D4}.Debug|x64.Build.0 = Debug|Any CPU
		{F5B34DDC-774C-472E-9335-E964C6C4C1D4}.Debug|x86.ActiveCfg = Debug|Any CPU
		{F5B34DDC-774C-472E-9335-E964C6C4C1D4}.Debug|x86.Build.0 = Debug|Any CPU
		{F5B34DDC-774C-472E-9335-E964C6C4C1D4}.Release|ARM64.ActiveCfg = Release|Any CPU
		{F5B34DDC-774C-472E-9335-E964C6C4C1D4}.Release|ARM64.Build.0 = Release|Any CPU
		{F5B34DDC-774C-472E-9335-E964C6C4C1D4}.Release|x64.ActiveCfg = Release|Any CPU
		{F5B34DDC-774C-472E-9335-E964C6C4C1D4}.Release|x64.Build.0 = Release|Any CPU
		{F5B34DDC-774C-472E-9335-E964C6C4C1D4}.Release|x86.ActiveCfg = Release|Any CPU
		{F5B34DDC-774C-472E-9335-E964C6C4C1D4}.Release|x86.Build.0 = Release|Any CPU
		{BEB83588-A125-479E-8FEB-BDC9E68C4C51}.Debug|ARM64.ActiveCfg = Debug|Any CPU
		{BEB83588-A125-479E-8FEB-BDC9E68C4C51}.Debug|ARM64.Build.0 = Debug|Any CPU
		{BEB83588-A125-479E-8FEB-BDC9E68C4C51}.Debug|x64.ActiveCfg = Debug|Any CPU
		{BEB83588-A125-479E-8FEB-BDC9E68C4C51}.Debug|x64.Build.0 = Debug|Any CPU
		{BEB83588-A125-479E-8FEB-BDC9E68C4C51}.Debug|x86.ActiveCfg = Debug|Any CPU
		{BEB83588-A125-479E-8FEB-BDC9E68C4C51}.Debug|x86.Build.0 = Debug|Any CPU
		{BEB83588-A125-479E-8FEB-BDC9E68C4C51}.Release|ARM64.ActiveCfg = Release|Any CPU
		{BEB83588-A125-479E-8FEB-BDC9E68C4C51}.Release|ARM64.Build.0 = Release|Any CPU
		{BEB83588-A125-479E-8FEB-BDC9E68C4C51}.Release|x64.ActiveCfg = Release|Any CPU
		{BEB83588-A125-479E-8FEB-BDC9E68C4C51}.Release|x64.Build.0 = Release|Any CPU
		{BEB83588-A125-479E-8FEB-BDC9E68C4C51}.Release|x86.ActiveCfg = Release|Any CPU
		{BEB83588-A125-479E-8FEB-BDC9E68C4C51}.Release|x86.Build.0 = Release|Any CPU
		{81357FF9-5E97-4A7D-B460-608D4307AE44}.Debug|ARM64.ActiveCfg = Debug|Any CPU
		{81357FF9-5E97-4A7D-B460-608D4307AE44}.Debug|ARM64.Build.0 = Debug|Any CPU
		{81357FF9-5E97-4A7D-B460-608D4307AE44}.Debug|x64.ActiveCfg = Debug|Any CPU
		{81357FF9-5E97-4A7D-B460-608D4307AE44}.Debug|x64.Build.0 = Debug|Any CPU
		{81357FF9-5E97-4A7D-B460-608D4307AE44}.Debug|x86.ActiveCfg = Debug|Any CPU
		{81357FF9-5E97-4A7D-B460-608D4307AE44}.Debug|x86.Build.0 = Debug|Any CPU
		{81357FF9-5E97-4A7D-B460-608D4307AE44}.Release|ARM64.ActiveCfg = Release|Any CPU
		{81357FF9-5E97-4A7D-B460-608D4307AE44}.Release|ARM64.Build.0 = Release|Any CPU
		{81357FF9-5E97-4A7D-B460-608D4307AE44}.Release|x64.ActiveCfg = Release|Any CPU
		{81357FF9-5E97-4A7D-B460-608D4307AE44}.Release|x64.Build.0 = Release|Any CPU
		{81357FF9-5E97-4A7D-B460-608D4307AE44}.Release|x86.ActiveCfg = Release|Any CPU
		{81357FF9-5E97-4A7D-B460-608D4307AE44}.Release|x86.Build.0 = Release|Any CPU
		{4E94445B-9761-4266-AD4D-67248F3C82C2}.Debug|ARM64.ActiveCfg = Debug|Any CPU
		{4E94445B-9761-4266-AD4D-67248F3C82C2}.Debug|ARM64.Build.0 = Debug|Any CPU
		{4E94445B-9761-4266-AD4D-67248F3C82C2}.Debug|x64.ActiveCfg = Debug|Any CPU
		{4E94445B-9761-4266-AD4D-67248F3C82C2}.Debug|x64.Build.0 = Debug|Any CPU
		{4E94445B-9761-4266-AD4D-67248F3C82C2}.Debug|x86.ActiveCfg = Debug|Any CPU
		{4E94445B-9761-4266-AD4D-67248F3C82C2}.Debug|x86.Build.0 = Debug|Any CPU
		{4E94445B-9761-4266-AD4D-67248F3C82C2}.Release|ARM64.ActiveCfg = Release|Any CPU
		{4E94445B-9761-4266-AD4D-67248F3C82C2}.Release|ARM64.Build.0 = Release|Any CPU
		{4E94445B-9761-4266-AD4D-67248F3C82C2}.Release|x64.ActiveCfg = Release|Any CPU
		{4E94445B-9761-4266-AD4D-67248F3C82C2}.Release|x64.Build.0 = Release|Any CPU
		{4E94445B-9761-4266-AD4D-67248F3C82C2}.Release|x86.ActiveCfg = Release|Any CPU
		{4E94445B-9761-4266-AD4D-67248F3C82C2}.Release|x86.Build.0 = Release|Any CPU
		{C1D41616-EE60-4BBE-8D02-2C3551A7C0FA}.Debug|ARM64.ActiveCfg = Debug|Any CPU
		{C1D41616-EE60-4BBE-8D02-2C3551A7C0FA}.Debug|ARM64.Build.0 = Debug|Any CPU
		{C1D41616-EE60-4BBE-8D02-2C3551A7C0FA}.Debug|x64.ActiveCfg = Debug|Any CPU
		{C1D41616-EE60-4BBE-8D02-2C3551A7C0FA}.Debug|x64.Build.0 = Debug|Any CPU
		{C1D41616-EE60-4BBE-8D02-2C3551A7C0FA}.Debug|x86.ActiveCfg = Debug|Any CPU
		{C1D41616-EE60-4BBE-8D02-2C3551A7C0FA}.Debug|x86.Build.0 = Debug|Any CPU
		{C1D41616-EE60-4BBE-8D02-2C3551A7C0FA}.Release|ARM64.ActiveCfg = Release|Any CPU
		{C1D41616-EE60-4BBE-8D02-2C3551A7C0FA}.Release|ARM64.Build.0 = Release|Any CPU
		{C1D41616-EE60-4BBE-8D02-2C3551A7C0FA}.Release|x64.ActiveCfg = Release|Any CPU
		{C1D41616-EE60-4BBE-8D02-2C3551A7C0FA}.Release|x64.Build.0 = Release|Any CPU
		{C1D41616-EE60-4BBE-8D02-2C3551A7C0FA}.Release|x86.ActiveCfg = Release|Any CPU
		{C1D41616-EE60-4BBE-8D02-2C3551A7C0FA}.Release|x86.Build.0 = Release|Any CPU
	EndGlobalSection
	GlobalSection(SolutionProperties) = preSolution
		HideSolutionNode = FALSE
	EndGlobalSection
	GlobalSection(ExtensibilityGlobals) = postSolution
		SolutionGuid = {0E1CB3E7-2B70-4347-982A-C7DC019A2075}
	EndGlobalSection
EndGlobal
